
Microsoft Visual Studio Solution File, Format Version 12.00
# Visual Studio Version 17
VisualStudioVersion = 17.13.35806.99 d17.13
MinimumVisualStudioVersion = 10.0.40219.1
Project("{FAE04EC0-301F-11D3-BF4B-00C04F79EFBC}") = "PythonContainer", "PythonContainer.csproj", "{3F9D4711-BB07-4648-45E8-BBD953763289}"
EndProject
Global
	GlobalSection(SolutionConfigurationPlatforms) = preSolution
		Debug|Any CPU = Debug|Any CPU
		Release|Any CPU = Release|Any CPU
	EndGlobalSection
	GlobalSection(ProjectConfigurationPlatforms) = postSolution
		{3F9D4711-BB07-4648-45E8-BBD953763289}.Debug|Any CPU.ActiveCfg = Debug|Any CPU
		{3F9D4711-BB07-4648-45E8-BBD953763289}.Debug|Any CPU.Build.0 = Debug|Any CPU
		{3F9D4711-BB07-4648-45E8-BBD953763289}.Release|Any CPU.ActiveCfg = Release|Any CPU
		{3F9D4711-BB07-4648-45E8-BBD953763289}.Release|Any CPU.Build.0 = Release|Any CPU
	EndGlobalSection
	GlobalSection(SolutionProperties) = preSolution
		HideSolutionNode = FALSE
	EndGlobalSection
	GlobalSection(ExtensibilityGlobals) = postSolution
		SolutionGuid = {012CF71F-FE00-42E3-8C2C-2FB7326D7F95}
	EndGlobalSection
EndGlobal
